
Microsoft Visual Studio Solution File, Format Version 12.00
# Visual Studio 15
VisualStudioVersion = 15.0.26730.12
MinimumVisualStudioVersion = 10.0.40219.1
Project("{FAE04EC0-301F-11D3-BF4B-00C04F79EFBC}") = "PCarsConsole", "PCarsConsole\PCarsConsole.csproj", "{81DA8301-313B-45DE-B8CF-07098CC5D546}"
EndProject
Project("{FAE04EC0-301F-11D3-BF4B-00C04F79EFBC}") = "PCarsUI", "PCarsUI\PCarsUI.csproj", "{7BC84C3B-D1B8-4ABF-93BB-D1D8F479F9E7}"
EndProject
Project("{FAE04EC0-301F-11D3-BF4B-00C04F79EFBC}") = "ProjectCars.Reader", "ProjectCars.Reader\ProjectCars.Reader.csproj", "{A495BA6A-F4DC-4D9F-AF96-A89FBC8C9BCE}"
EndProject
Project("{2150E333-8FDC-42A3-9474-1A3956D46DE8}") = "Legacy", "Legacy", "{15411A50-3B6C-45AD-BFE6-41C08634D7F0}"
EndProject
Project("{FAE04EC0-301F-11D3-BF4B-00C04F79EFBC}") = "ProjectCars.Shared", "ProjectCars.Shared\ProjectCars.Shared.csproj", "{E9074B5F-D59A-4B88-ACBC-AB244D291F3B}"
EndProject
Project("{FAE04EC0-301F-11D3-BF4B-00C04F79EFBC}") = "ProjectCars.ConsoleListener", "ProjectCars.ConsoleListener\ProjectCars.ConsoleListener.csproj", "{B9CB0501-E3CB-4CFC-8A65-4B2A3C863EB9}"
EndProject
Project("{FAE04EC0-301F-11D3-BF4B-00C04F79EFBC}") = "ProjectCars.RacingApp", "ProjectCars.RacingApp\ProjectCars.RacingApp.csproj", "{C155B63C-93FB-40DA-BAFB-9C6021081871}"
EndProject
Project("{FAE04EC0-301F-11D3-BF4B-00C04F79EFBC}") = "ProjectCars.UniversalReader", "ProjectCars.UniversalReader\ProjectCars.UniversalReader.csproj", "{41D57B5F-E758-4853-AD50-AAC859A1EB80}"
EndProject
Project("{FAE04EC0-301F-11D3-BF4B-00C04F79EFBC}") = "ProjectCars.UniversalShared", "ProjectCars.UniversalShared\ProjectCars.UniversalShared.csproj", "{095BE3A3-274D-4FEB-BE06-18721DAE844F}"
EndProject
Global
	GlobalSection(SolutionConfigurationPlatforms) = preSolution
		Debug|Any CPU = Debug|Any CPU
		Debug|ARM = Debug|ARM
		Debug|x64 = Debug|x64
		Debug|x86 = Debug|x86
		Release|Any CPU = Release|Any CPU
		Release|ARM = Release|ARM
		Release|x64 = Release|x64
		Release|x86 = Release|x86
	EndGlobalSection
	GlobalSection(ProjectConfigurationPlatforms) = postSolution
		{81DA8301-313B-45DE-B8CF-07098CC5D546}.Debug|Any CPU.ActiveCfg = Debug|Any CPU
		{81DA8301-313B-45DE-B8CF-07098CC5D546}.Debug|Any CPU.Build.0 = Debug|Any CPU
		{81DA8301-313B-45DE-B8CF-07098CC5D546}.Debug|ARM.ActiveCfg = Debug|Any CPU
		{81DA8301-313B-45DE-B8CF-07098CC5D546}.Debug|ARM.Build.0 = Debug|Any CPU
		{81DA8301-313B-45DE-B8CF-07098CC5D546}.Debug|x64.ActiveCfg = Debug|Any CPU
		{81DA8301-313B-45DE-B8CF-07098CC5D546}.Debug|x64.Build.0 = Debug|Any CPU
		{81DA8301-313B-45DE-B8CF-07098CC5D546}.Debug|x86.ActiveCfg = Debug|Any CPU
		{81DA8301-313B-45DE-B8CF-07098CC5D546}.Debug|x86.Build.0 = Debug|Any CPU
		{81DA8301-313B-45DE-B8CF-07098CC5D546}.Release|Any CPU.ActiveCfg = Release|Any CPU
		{81DA8301-313B-45DE-B8CF-07098CC5D546}.Release|Any CPU.Build.0 = Release|Any CPU
		{81DA8301-313B-45DE-B8CF-07098CC5D546}.Release|ARM.ActiveCfg = Release|Any CPU
		{81DA8301-313B-45DE-B8CF-07098CC5D546}.Release|ARM.Build.0 = Release|Any CPU
		{81DA8301-313B-45DE-B8CF-07098CC5D546}.Release|x64.ActiveCfg = Release|Any CPU
		{81DA8301-313B-45DE-B8CF-07098CC5D546}.Release|x64.Build.0 = Release|Any CPU
		{81DA8301-313B-45DE-B8CF-07098CC5D546}.Release|x86.ActiveCfg = Release|Any CPU
		{81DA8301-313B-45DE-B8CF-07098CC5D546}.Release|x86.Build.0 = Release|Any CPU
		{7BC84C3B-D1B8-4ABF-93BB-D1D8F479F9E7}.Debug|Any CPU.ActiveCfg = Debug|Any CPU
		{7BC84C3B-D1B8-4ABF-93BB-D1D8F479F9E7}.Debug|Any CPU.Build.0 = Debug|Any CPU
		{7BC84C3B-D1B8-4ABF-93BB-D1D8F479F9E7}.Debug|ARM.ActiveCfg = Debug|Any CPU
		{7BC84C3B-D1B8-4ABF-93BB-D1D8F479F9E7}.Debug|ARM.Build.0 = Debug|Any CPU
		{7BC84C3B-D1B8-4ABF-93BB-D1D8F479F9E7}.Debug|x64.ActiveCfg = Debug|Any CPU
		{7BC84C3B-D1B8-4ABF-93BB-D1D8F479F9E7}.Debug|x64.Build.0 = Debug|Any CPU
		{7BC84C3B-D1B8-4ABF-93BB-D1D8F479F9E7}.Debug|x86.ActiveCfg = Debug|Any CPU
		{7BC84C3B-D1B8-4ABF-93BB-D1D8F479F9E7}.Debug|x86.Build.0 = Debug|Any CPU
		{7BC84C3B-D1B8-4ABF-93BB-D1D8F479F9E7}.Release|Any CPU.ActiveCfg = Release|Any CPU
		{7BC84C3B-D1B8-4ABF-93BB-D1D8F479F9E7}.Release|Any CPU.Build.0 = Release|Any CPU
		{7BC84C3B-D1B8-4ABF-93BB-D1D8F479F9E7}.Release|ARM.ActiveCfg = Release|Any CPU
		{7BC84C3B-D1B8-4ABF-93BB-D1D8F479F9E7}.Release|ARM.Build.0 = Release|Any CPU
		{7BC84C3B-D1B8-4ABF-93BB-D1D8F479F9E7}.Release|x64.ActiveCfg = Release|Any CPU
		{7BC84C3B-D1B8-4ABF-93BB-D1D8F479F9E7}.Release|x64.Build.0 = Release|Any CPU
		{7BC84C3B-D1B8-4ABF-93BB-D1D8F479F9E7}.Release|x86.ActiveCfg = Release|Any CPU
		{7BC84C3B-D1B8-4ABF-93BB-D1D8F479F9E7}.Release|x86.Build.0 = Release|Any CPU
		{A495BA6A-F4DC-4D9F-AF96-A89FBC8C9BCE}.Debug|Any CPU.ActiveCfg = Debug|Any CPU
		{A495BA6A-F4DC-4D9F-AF96-A89FBC8C9BCE}.Debug|Any CPU.Build.0 = Debug|Any CPU
		{A495BA6A-F4DC-4D9F-AF96-A89FBC8C9BCE}.Debug|ARM.ActiveCfg = Debug|Any CPU
		{A495BA6A-F4DC-4D9F-AF96-A89FBC8C9BCE}.Debug|ARM.Build.0 = Debug|Any CPU
		{A495BA6A-F4DC-4D9F-AF96-A89FBC8C9BCE}.Debug|x64.ActiveCfg = Debug|Any CPU
		{A495BA6A-F4DC-4D9F-AF96-A89FBC8C9BCE}.Debug|x64.Build.0 = Debug|Any CPU
		{A495BA6A-F4DC-4D9F-AF96-A89FBC8C9BCE}.Debug|x86.ActiveCfg = Debug|Any CPU
		{A495BA6A-F4DC-4D9F-AF96-A89FBC8C9BCE}.Debug|x86.Build.0 = Debug|Any CPU
		{A495BA6A-F4DC-4D9F-AF96-A89FBC8C9BCE}.Release|Any CPU.ActiveCfg = Release|Any CPU
		{A495BA6A-F4DC-4D9F-AF96-A89FBC8C9BCE}.Release|Any CPU.Build.0 = Release|Any CPU
		{A495BA6A-F4DC-4D9F-AF96-A89FBC8C9BCE}.Release|ARM.ActiveCfg = Release|Any CPU
		{A495BA6A-F4DC-4D9F-AF96-A89FBC8C9BCE}.Release|ARM.Build.0 = Release|Any CPU
		{A495BA6A-F4DC-4D9F-AF96-A89FBC8C9BCE}.Release|x64.ActiveCfg = Release|Any CPU
		{A495BA6A-F4DC-4D9F-AF96-A89FBC8C9BCE}.Release|x64.Build.0 = Release|Any CPU
		{A495BA6A-F4DC-4D9F-AF96-A89FBC8C9BCE}.Release|x86.ActiveCfg = Release|Any CPU
		{A495BA6A-F4DC-4D9F-AF96-A89FBC8C9BCE}.Release|x86.Build.0 = Release|Any CPU
		{E9074B5F-D59A-4B88-ACBC-AB244D291F3B}.Debug|Any CPU.ActiveCfg = Debug|Any CPU
		{E9074B5F-D59A-4B88-ACBC-AB244D291F3B}.Debug|Any CPU.Build.0 = Debug|Any CPU
		{E9074B5F-D59A-4B88-ACBC-AB244D291F3B}.Debug|ARM.ActiveCfg = Debug|Any CPU
		{E9074B5F-D59A-4B88-ACBC-AB244D291F3B}.Debug|ARM.Build.0 = Debug|Any CPU
		{E9074B5F-D59A-4B88-ACBC-AB244D291F3B}.Debug|x64.ActiveCfg = Debug|Any CPU
		{E9074B5F-D59A-4B88-ACBC-AB244D291F3B}.Debug|x64.Build.0 = Debug|Any CPU
		{E9074B5F-D59A-4B88-ACBC-AB244D291F3B}.Debug|x86.ActiveCfg = Debug|Any CPU
		{E9074B5F-D59A-4B88-ACBC-AB244D291F3B}.Debug|x86.Build.0 = Debug|Any CPU
		{E9074B5F-D59A-4B88-ACBC-AB244D291F3B}.Release|Any CPU.ActiveCfg = Release|Any CPU
		{E9074B5F-D59A-4B88-ACBC-AB244D291F3B}.Release|Any CPU.Build.0 = Release|Any CPU
		{E9074B5F-D59A-4B88-ACBC-AB244D291F3B}.Release|ARM.ActiveCfg = Release|Any CPU
		{E9074B5F-D59A-4B88-ACBC-AB244D291F3B}.Release|ARM.Build.0 = Release|Any CPU
		{E9074B5F-D59A-4B88-ACBC-AB244D291F3B}.Release|x64.ActiveCfg = Release|Any CPU
		{E9074B5F-D59A-4B88-ACBC-AB244D291F3B}.Release|x64.Build.0 = Release|Any CPU
		{E9074B5F-D59A-4B88-ACBC-AB244D291F3B}.Release|x86.ActiveCfg = Release|Any CPU
		{E9074B5F-D59A-4B88-ACBC-AB244D291F3B}.Release|x86.Build.0 = Release|Any CPU
		{B9CB0501-E3CB-4CFC-8A65-4B2A3C863EB9}.Debug|Any CPU.ActiveCfg = Debug|Any CPU
		{B9CB0501-E3CB-4CFC-8A65-4B2A3C863EB9}.Debug|Any CPU.Build.0 = Debug|Any CPU
		{B9CB0501-E3CB-4CFC-8A65-4B2A3C863EB9}.Debug|ARM.ActiveCfg = Debug|Any CPU
		{B9CB0501-E3CB-4CFC-8A65-4B2A3C863EB9}.Debug|ARM.Build.0 = Debug|Any CPU
		{B9CB0501-E3CB-4CFC-8A65-4B2A3C863EB9}.Debug|x64.ActiveCfg = Debug|Any CPU
		{B9CB0501-E3CB-4CFC-8A65-4B2A3C863EB9}.Debug|x64.Build.0 = Debug|Any CPU
		{B9CB0501-E3CB-4CFC-8A65-4B2A3C863EB9}.Debug|x86.ActiveCfg = Debug|Any CPU
		{B9CB0501-E3CB-4CFC-8A65-4B2A3C863EB9}.Debug|x86.Build.0 = Debug|Any CPU
		{B9CB0501-E3CB-4CFC-8A65-4B2A3C863EB9}.Release|Any CPU.ActiveCfg = Release|Any CPU
		{B9CB0501-E3CB-4CFC-8A65-4B2A3C863EB9}.Release|Any CPU.Build.0 = Release|Any CPU
		{B9CB0501-E3CB-4CFC-8A65-4B2A3C863EB9}.Release|ARM.ActiveCfg = Release|Any CPU
		{B9CB0501-E3CB-4CFC-8A65-4B2A3C863EB9}.Release|ARM.Build.0 = Release|Any CPU
		{B9CB0501-E3CB-4CFC-8A65-4B2A3C863EB9}.Release|x64.ActiveCfg = Release|Any CPU
		{B9CB0501-E3CB-4CFC-8A65-4B2A3C863EB9}.Release|x64.Build.0 = Release|Any CPU
		{B9CB0501-E3CB-4CFC-8A65-4B2A3C863EB9}.Release|x86.ActiveCfg = Release|Any CPU
		{B9CB0501-E3CB-4CFC-8A65-4B2A3C863EB9}.Release|x86.Build.0 = Release|Any CPU
		{C155B63C-93FB-40DA-BAFB-9C6021081871}.Debug|Any CPU.ActiveCfg = Debug|x86
		{C155B63C-93FB-40DA-BAFB-9C6021081871}.Debug|ARM.ActiveCfg = Debug|ARM
		{C155B63C-93FB-40DA-BAFB-9C6021081871}.Debug|ARM.Build.0 = Debug|ARM
		{C155B63C-93FB-40DA-BAFB-9C6021081871}.Debug|ARM.Deploy.0 = Debug|ARM
		{C155B63C-93FB-40DA-BAFB-9C6021081871}.Debug|x64.ActiveCfg = Debug|x64
		{C155B63C-93FB-40DA-BAFB-9C6021081871}.Debug|x64.Build.0 = Debug|x64
		{C155B63C-93FB-40DA-BAFB-9C6021081871}.Debug|x64.Deploy.0 = Debug|x64
		{C155B63C-93FB-40DA-BAFB-9C6021081871}.Debug|x86.ActiveCfg = Debug|x86
		{C155B63C-93FB-40DA-BAFB-9C6021081871}.Debug|x86.Build.0 = Debug|x86
		{C155B63C-93FB-40DA-BAFB-9C6021081871}.Debug|x86.Deploy.0 = Debug|x86
		{C155B63C-93FB-40DA-BAFB-9C6021081871}.Release|Any CPU.ActiveCfg = Release|x86
		{C155B63C-93FB-40DA-BAFB-9C6021081871}.Release|ARM.ActiveCfg = Release|ARM
		{C155B63C-93FB-40DA-BAFB-9C6021081871}.Release|ARM.Build.0 = Release|ARM
		{C155B63C-93FB-40DA-BAFB-9C6021081871}.Release|ARM.Deploy.0 = Release|ARM
		{C155B63C-93FB-40DA-BAFB-9C6021081871}.Release|x64.ActiveCfg = Release|x64
		{C155B63C-93FB-40DA-BAFB-9C6021081871}.Release|x64.Build.0 = Release|x64
		{C155B63C-93FB-40DA-BAFB-9C6021081871}.Release|x64.Deploy.0 = Release|x64
		{C155B63C-93FB-40DA-BAFB-9C6021081871}.Release|x86.ActiveCfg = Release|x86
		{C155B63C-93FB-40DA-BAFB-9C6021081871}.Release|x86.Build.0 = Release|x86
		{C155B63C-93FB-40DA-BAFB-9C6021081871}.Release|x86.Deploy.0 = Release|x86
		{41D57B5F-E758-4853-AD50-AAC859A1EB80}.Debug|Any CPU.ActiveCfg = Debug|Any CPU
		{41D57B5F-E758-4853-AD50-AAC859A1EB80}.Debug|Any CPU.Build.0 = Debug|Any CPU
		{41D57B5F-E758-4853-AD50-AAC859A1EB80}.Debug|ARM.ActiveCfg = Debug|ARM
		{41D57B5F-E758-4853-AD50-AAC859A1EB80}.Debug|ARM.Build.0 = Debug|ARM
		{41D57B5F-E758-4853-AD50-AAC859A1EB80}.Debug|x64.ActiveCfg = Debug|x64
		{41D57B5F-E758-4853-AD50-AAC859A1EB80}.Debug|x64.Build.0 = Debug|x64
		{41D57B5F-E758-4853-AD50-AAC859A1EB80}.Debug|x86.ActiveCfg = Debug|x86
		{41D57B5F-E758-4853-AD50-AAC859A1EB80}.Debug|x86.Build.0 = Debug|x86
		{41D57B5F-E758-4853-AD50-AAC859A1EB80}.Release|Any CPU.ActiveCfg = Release|Any CPU
		{41D57B5F-E758-4853-AD50-AAC859A1EB80}.Release|Any CPU.Build.0 = Release|Any CPU
		{41D57B5F-E758-4853-AD50-AAC859A1EB80}.Release|ARM.ActiveCfg = Release|ARM
		{41D57B5F-E758-4853-AD50-AAC859A1EB80}.Release|ARM.Build.0 = Release|ARM
		{41D57B5F-E758-4853-AD50-AAC859A1EB80}.Release|x64.ActiveCfg = Release|x64
		{41D57B5F-E758-4853-AD50-AAC859A1EB80}.Release|x64.Build.0 = Release|x64
		{41D57B5F-E758-4853-AD50-AAC859A1EB80}.Release|x86.ActiveCfg = Release|x86
		{41D57B5F-E758-4853-AD50-AAC859A1EB80}.Release|x86.Build.0 = Release|x86
		{095BE3A3-274D-4FEB-BE06-18721DAE844F}.Debug|Any CPU.ActiveCfg = Debug|Any CPU
		{095BE3A3-274D-4FEB-BE06-18721DAE844F}.Debug|Any CPU.Build.0 = Debug|Any CPU
		{095BE3A3-274D-4FEB-BE06-18721DAE844F}.Debug|ARM.ActiveCfg = Debug|ARM
		{095BE3A3-274D-4FEB-BE06-18721DAE844F}.Debug|ARM.Build.0 = Debug|ARM
		{095BE3A3-274D-4FEB-BE06-18721DAE844F}.Debug|x64.ActiveCfg = Debug|x64
		{095BE3A3-274D-4FEB-BE06-18721DAE844F}.Debug|x64.Build.0 = Debug|x64
		{095BE3A3-274D-4FEB-BE06-18721DAE844F}.Debug|x86.ActiveCfg = Debug|x86
		{095BE3A3-274D-4FEB-BE06-18721DAE844F}.Debug|x86.Build.0 = Debug|x86
		{095BE3A3-274D-4FEB-BE06-18721DAE844F}.Release|Any CPU.ActiveCfg = Release|Any CPU
		{095BE3A3-274D-4FEB-BE06-18721DAE844F}.Release|Any CPU.Build.0 = Release|Any CPU
		{095BE3A3-274D-4FEB-BE06-18721DAE844F}.Release|ARM.ActiveCfg = Release|ARM
		{095BE3A3-274D-4FEB-BE06-18721DAE844F}.Release|ARM.Build.0 = Release|ARM
		{095BE3A3-274D-4FEB-BE06-18721DAE844F}.Release|x64.ActiveCfg = Release|x64
		{095BE3A3-274D-4FEB-BE06-18721DAE844F}.Release|x64.Build.0 = Release|x64
		{095BE3A3-274D-4FEB-BE06-18721DAE844F}.Release|x86.ActiveCfg = Release|x86
		{095BE3A3-274D-4FEB-BE06-18721DAE844F}.Release|x86.Build.0 = Release|x86
	EndGlobalSection
	GlobalSection(SolutionProperties) = preSolution
		HideSolutionNode = FALSE
	EndGlobalSection
	GlobalSection(NestedProjects) = preSolution
		{81DA8301-313B-45DE-B8CF-07098CC5D546} = {15411A50-3B6C-45AD-BFE6-41C08634D7F0}
		{7BC84C3B-D1B8-4ABF-93BB-D1D8F479F9E7} = {15411A50-3B6C-45AD-BFE6-41C08634D7F0}
	EndGlobalSection
	GlobalSection(ExtensibilityGlobals) = postSolution
		SolutionGuid = {38B943B5-A384-4CEF-AAD1-1C11D1BE921B}
	EndGlobalSection
EndGlobal
